// !$*UTF8*$!
{
	archiveVersion = 1;
	classes = {
	};
	objectVersion = 50;
	objects = {

/* Begin PBXBuildFile section */
		567F5AD524873D2E001541F2 /* AppDelegate.swift in Sources */ = {isa = PBXBuildFile; fileRef = 567F5AD424873D2E001541F2 /* AppDelegate.swift */; };
		567F5AD724873D2E001541F2 /* SceneDelegate.swift in Sources */ = {isa = PBXBuildFile; fileRef = 567F5AD624873D2E001541F2 /* SceneDelegate.swift */; };
		567F5AD924873D2E001541F2 /* ViewController.swift in Sources */ = {isa = PBXBuildFile; fileRef = 567F5AD824873D2E001541F2 /* ViewController.swift */; };
		567F5ADC24873D2E001541F2 /* Main.storyboard in Resources */ = {isa = PBXBuildFile; fileRef = 567F5ADA24873D2E001541F2 /* Main.storyboard */; };
		567F5ADE24873D30001541F2 /* Assets.xcassets in Resources */ = {isa = PBXBuildFile; fileRef = 567F5ADD24873D30001541F2 /* Assets.xcassets */; };
		567F5AE124873D30001541F2 /* LaunchScreen.storyboard in Resources */ = {isa = PBXBuildFile; fileRef = 567F5ADF24873D30001541F2 /* LaunchScreen.storyboard */; };
		567F5AEC24873DEE001541F2 /* AudioTracker.swift in Sources */ = {isa = PBXBuildFile; fileRef = 567F5AEB24873DEE001541F2 /* AudioTracker.swift */; };
		863DC7B3475FEBBF4E3F35D7 /* Pods_GiTuner.framework in Frameworks */ = {isa = PBXBuildFile; fileRef = DF0284D171ED68D3C64B72D9 /* Pods_GiTuner.framework */; };
/* End PBXBuildFile section */

/* Begin PBXFileReference section */
		567F5AD124873D2E001541F2 /* GiTuner.app */ = {isa = PBXFileReference; explicitFileType = wrapper.application; includeInIndex = 0; path = GiTuner.app; sourceTree = BUILT_PRODUCTS_DIR; };
		567F5AD424873D2E001541F2 /* AppDelegate.swift */ = {isa = PBXFileReference; lastKnownFileType = sourcecode.swift; path = AppDelegate.swift; sourceTree = "<group>"; };
		567F5AD624873D2E001541F2 /* SceneDelegate.swift */ = {isa = PBXFileReference; lastKnownFileType = sourcecode.swift; path = SceneDelegate.swift; sourceTree = "<group>"; };
		567F5AD824873D2E001541F2 /* ViewController.swift */ = {isa = PBXFileReference; lastKnownFileType = sourcecode.swift; path = ViewController.swift; sourceTree = "<group>"; };
		567F5ADB24873D2E001541F2 /* Base */ = {isa = PBXFileReference; lastKnownFileType = file.storyboard; name = Base; path = Base.lproj/Main.storyboard; sourceTree = "<group>"; };
		567F5ADD24873D30001541F2 /* Assets.xcassets */ = {isa = PBXFileReference; lastKnownFileType = folder.assetcatalog; path = Assets.xcassets; sourceTree = "<group>"; };
		567F5AE024873D30001541F2 /* Base */ = {isa = PBXFileReference; lastKnownFileType = file.storyboard; name = Base; path = Base.lproj/LaunchScreen.storyboard; sourceTree = "<group>"; };
		567F5AE224873D30001541F2 /* Info.plist */ = {isa = PBXFileReference; lastKnownFileType = text.plist.xml; path = Info.plist; sourceTree = "<group>"; };
		567F5AEB24873DEE001541F2 /* AudioTracker.swift */ = {isa = PBXFileReference; lastKnownFileType = sourcecode.swift; path = AudioTracker.swift; sourceTree = "<group>"; };
		93E7F4EA94215F46FB1ED28A /* Pods-GiTuner.debug.xcconfig */ = {isa = PBXFileReference; includeInIndex = 1; lastKnownFileType = text.xcconfig; name = "Pods-GiTuner.debug.xcconfig"; path = "Target Support Files/Pods-GiTuner/Pods-GiTuner.debug.xcconfig"; sourceTree = "<group>"; };
		BBECB33FE5B0F7F69404D705 /* Pods-GiTuner.release.xcconfig */ = {isa = PBXFileReference; includeInIndex = 1; lastKnownFileType = text.xcconfig; name = "Pods-GiTuner.release.xcconfig"; path = "Target Support Files/Pods-GiTuner/Pods-GiTuner.release.xcconfig"; sourceTree = "<group>"; };
		DF0284D171ED68D3C64B72D9 /* Pods_GiTuner.framework */ = {isa = PBXFileReference; explicitFileType = wrapper.framework; includeInIndex = 0; path = Pods_GiTuner.framework; sourceTree = BUILT_PRODUCTS_DIR; };
/* End PBXFileReference section */

/* Begin PBXFrameworksBuildPhase section */
		567F5ACE24873D2E001541F2 /* Frameworks */ = {
			isa = PBXFrameworksBuildPhase;
			buildActionMask = 2147483647;
			files = (
				863DC7B3475FEBBF4E3F35D7 /* Pods_GiTuner.framework in Frameworks */,
			);
			runOnlyForDeploymentPostprocessing = 0;
		};
/* End PBXFrameworksBuildPhase section */

/* Begin PBXGroup section */
		24854B64EE76A9965B7E970F /* Pods */ = {
			isa = PBXGroup;
			children = (
				93E7F4EA94215F46FB1ED28A /* Pods-GiTuner.debug.xcconfig */,
				BBECB33FE5B0F7F69404D705 /* Pods-GiTuner.release.xcconfig */,
			);
			path = Pods;
			sourceTree = "<group>";
		};
		4BCE63AB5C9DF9041C015C10 /* Frameworks */ = {
			isa = PBXGroup;
			children = (
				DF0284D171ED68D3C64B72D9 /* Pods_GiTuner.framework */,
			);
			name = Frameworks;
			sourceTree = "<group>";
		};
		567F5AC824873D2E001541F2 = {
			isa = PBXGroup;
			children = (
				567F5AD324873D2E001541F2 /* GiTuner */,
				567F5AD224873D2E001541F2 /* Products */,
				24854B64EE76A9965B7E970F /* Pods */,
				4BCE63AB5C9DF9041C015C10 /* Frameworks */,
			);
			sourceTree = "<group>";
		};
		567F5AD224873D2E001541F2 /* Products */ = {
			isa = PBXGroup;
			children = (
				567F5AD124873D2E001541F2 /* GiTuner.app */,
			);
			name = Products;
			sourceTree = "<group>";
		};
		567F5AD324873D2E001541F2 /* GiTuner */ = {
			isa = PBXGroup;
			children = (
				567F5AD424873D2E001541F2 /* AppDelegate.swift */,
				567F5AD624873D2E001541F2 /* SceneDelegate.swift */,
				567F5AE924873D98001541F2 /* Controller */,
				567F5AE824873D8C001541F2 /* Model */,
				567F5AEA24873DAB001541F2 /* View */,
				567F5ADD24873D30001541F2 /* Assets.xcassets */,
				567F5AE224873D30001541F2 /* Info.plist */,
			);
			path = GiTuner;
			sourceTree = "<group>";
		};
		567F5AE824873D8C001541F2 /* Model */ = {
			isa = PBXGroup;
			children = (
				567F5AEB24873DEE001541F2 /* AudioTracker.swift */,
			);
			path = Model;
			sourceTree = "<group>";
		};
		567F5AE924873D98001541F2 /* Controller */ = {
			isa = PBXGroup;
			children = (
				567F5AD824873D2E001541F2 /* ViewController.swift */,
			);
			path = Controller;
			sourceTree = "<group>";
		};
		567F5AEA24873DAB001541F2 /* View */ = {
			isa = PBXGroup;
			children = (
				567F5ADA24873D2E001541F2 /* Main.storyboard */,
				567F5ADF24873D30001541F2 /* LaunchScreen.storyboard */,
			);
			path = View;
			sourceTree = "<group>";
		};
/* End PBXGroup section */

/* Begin PBXNativeTarget section */
		567F5AD024873D2E001541F2 /* GiTuner */ = {
			isa = PBXNativeTarget;
			buildConfigurationList = 567F5AE524873D30001541F2 /* Build configuration list for PBXNativeTarget "GiTuner" */;
			buildPhases = (
				8B021042DF3766DF8BCDC222 /* [CP] Check Pods Manifest.lock */,
				567F5ACD24873D2E001541F2 /* Sources */,
				567F5ACE24873D2E001541F2 /* Frameworks */,
				567F5ACF24873D2E001541F2 /* Resources */,
			);
			buildRules = (
			);
			dependencies = (
			);
			name = GiTuner;
			productName = GiTuner;
			productReference = 567F5AD124873D2E001541F2 /* GiTuner.app */;
			productType = "com.apple.product-type.application";
		};
/* End PBXNativeTarget section */

/* Begin PBXProject section */
		567F5AC924873D2E001541F2 /* Project object */ = {
			isa = PBXProject;
			attributes = {
				LastSwiftUpdateCheck = 1150;
				LastUpgradeCheck = 1150;
				ORGANIZATIONNAME = "Jerry Chen";
				TargetAttributes = {
					567F5AD024873D2E001541F2 = {
						CreatedOnToolsVersion = 11.5;
					};
				};
			};
			buildConfigurationList = 567F5ACC24873D2E001541F2 /* Build configuration list for PBXProject "GiTuner" */;
			compatibilityVersion = "Xcode 9.3";
			developmentRegion = en;
			hasScannedForEncodings = 0;
			knownRegions = (
				en,
				Base,
			);
			mainGroup = 567F5AC824873D2E001541F2;
			productRefGroup = 567F5AD224873D2E001541F2 /* Products */;
			projectDirPath = "";
			projectRoot = "";
			targets = (
				567F5AD024873D2E001541F2 /* GiTuner */,
			);
		};
/* End PBXProject section */

/* Begin PBXResourcesBuildPhase section */
		567F5ACF24873D2E001541F2 /* Resources */ = {
			isa = PBXResourcesBuildPhase;
			buildActionMask = 2147483647;
			files = (
				567F5AE124873D30001541F2 /* LaunchScreen.storyboard in Resources */,
				567F5ADE24873D30001541F2 /* Assets.xcassets in Resources */,
				567F5ADC24873D2E001541F2 /* Main.storyboard in Resources */,
			);
			runOnlyForDeploymentPostprocessing = 0;
		};
/* End PBXResourcesBuildPhase section */

/* Begin PBXShellScriptBuildPhase section */
		8B021042DF3766DF8BCDC222 /* [CP] Check Pods Manifest.lock */ = {
			isa = PBXShellScriptBuildPhase;
			buildActionMask = 2147483647;
			files = (
			);
			inputFileListPaths = (
			);
			inputPaths = (
				"${PODS_PODFILE_DIR_PATH}/Podfile.lock",
				"${PODS_ROOT}/Manifest.lock",
			);
			name = "[CP] Check Pods Manifest.lock";
			outputFileListPaths = (
			);
			outputPaths = (
				"$(DERIVED_FILE_DIR)/Pods-GiTuner-checkManifestLockResult.txt",
			);
			runOnlyForDeploymentPostprocessing = 0;
			shellPath = /bin/sh;
			shellScript = "diff \"${PODS_PODFILE_DIR_PATH}/Podfile.lock\" \"${PODS_ROOT}/Manifest.lock\" > /dev/null\nif [ $? != 0 ] ; then\n    # print error to STDERR\n    echo \"error: The sandbox is not in sync with the Podfile.lock. Run 'pod install' or update your CocoaPods installation.\" >&2\n    exit 1\nfi\n# This output is used by Xcode 'outputs' to avoid re-running this script phase.\necho \"SUCCESS\" > \"${SCRIPT_OUTPUT_FILE_0}\"\n";
			showEnvVarsInLog = 0;
		};
/* End PBXShellScriptBuildPhase section */

/* Begin PBXSourcesBuildPhase section */
		567F5ACD24873D2E001541F2 /* Sources */ = {
			isa = PBXSourcesBuildPhase;
			buildActionMask = 2147483647;
			files = (
				567F5AD924873D2E001541F2 /* ViewController.swift in Sources */,
				567F5AD524873D2E001541F2 /* AppDelegate.swift in Sources */,
				567F5AD724873D2E001541F2 /* SceneDelegate.swift in Sources */,
				567F5AEC24873DEE001541F2 /* AudioTracker.swift in Sources */,
			);
			runOnlyForDeploymentPostprocessing = 0;
		};
/* End PBXSourcesBuildPhase section */

/* Begin PBXVariantGroup section */
		567F5ADA24873D2E001541F2 /* Main.storyboard */ = {
			isa = PBXVariantGroup;
			children = (
				567F5ADB24873D2E001541F2 /* Base */,
			);
			name = Main.storyboard;
			sourceTree = "<group>";
		};
		567F5ADF24873D30001541F2 /* LaunchScreen.storyboard */ = {
			isa = PBXVariantGroup;
			children = (
				567F5AE024873D30001541F2 /* Base */,
			);
			name = LaunchScreen.storyboard;
			sourceTree = "<group>";
		};
/* End PBXVariantGroup section */

/* Begin XCBuildConfiguration section */
		567F5AE324873D30001541F2 /* Debug */ = {
			isa = XCBuildConfiguration;
			buildSettings = {
				ALWAYS_SEARCH_USER_PATHS = NO;
				CLANG_ANALYZER_NONNULL = YES;
				CLANG_ANALYZER_NUMBER_OBJECT_CONVERSION = YES_AGGRESSIVE;
				CLANG_CXX_LANGUAGE_STANDARD = "gnu++14";
				CLANG_CXX_LIBRARY = "libc++";
				CLANG_ENABLE_MODULES = YES;
				CLANG_ENABLE_OBJC_ARC = YES;
				CLANG_ENABLE_OBJC_WEAK = YES;
				CLANG_WARN_BLOCK_CAPTURE_AUTORELEASING = YES;
				CLANG_WARN_BOOL_CONVERSION = YES;
				CLANG_WARN_COMMA = YES;
				CLANG_WARN_CONSTANT_CONVERSION = YES;
				CLANG_WARN_DEPRECATED_OBJC_IMPLEMENTATIONS = YES;
				CLANG_WARN_DIRECT_OBJC_ISA_USAGE = YES_ERROR;
				CLANG_WARN_DOCUMENTATION_COMMENTS = YES;
				CLANG_WARN_EMPTY_BODY = YES;
				CLANG_WARN_ENUM_CONVERSION = YES;
				CLANG_WARN_INFINITE_RECURSION = YES;
				CLANG_WARN_INT_CONVERSION = YES;
				CLANG_WARN_NON_LITERAL_NULL_CONVERSION = YES;
				CLANG_WARN_OBJC_IMPLICIT_RETAIN_SELF = YES;
				CLANG_WARN_OBJC_LITERAL_CONVERSION = YES;
				CLANG_WARN_OBJC_ROOT_CLASS = YES_ERROR;
				CLANG_WARN_RANGE_LOOP_ANALYSIS = YES;
				CLANG_WARN_STRICT_PROTOTYPES = YES;
				CLANG_WARN_SUSPICIOUS_MOVE = YES;
				CLANG_WARN_UNGUARDED_AVAILABILITY = YES_AGGRESSIVE;
				CLANG_WARN_UNREACHABLE_CODE = YES;
				CLANG_WARN__DUPLICATE_METHOD_MATCH = YES;
				COPY_PHASE_STRIP = NO;
				DEBUG_INFORMATION_FORMAT = dwarf;
				ENABLE_STRICT_OBJC_MSGSEND = YES;
				ENABLE_TESTABILITY = YES;
				GCC_C_LANGUAGE_STANDARD = gnu11;
				GCC_DYNAMIC_NO_PIC = NO;
				GCC_NO_COMMON_BLOCKS = YES;
				GCC_OPTIMIZATION_LEVEL = 0;
				GCC_PREPROCESSOR_DEFINITIONS = (
					"DEBUG=1",
					"$(inherited)",
				);
				GCC_WARN_64_TO_32_BIT_CONVERSION = YES;
				GCC_WARN_ABOUT_RETURN_TYPE = YES_ERROR;
				GCC_WARN_UNDECLARED_SELECTOR = YES;
				GCC_WARN_UNINITIALIZED_AUTOS = YES_AGGRESSIVE;
				GCC_WARN_UNUSED_FUNCTION = YES;
				GCC_WARN_UNUSED_VARIABLE = YES;
				IPHONEOS_DEPLOYMENT_TARGET = 13.5;
				MTL_ENABLE_DEBUG_INFO = INCLUDE_SOURCE;
				MTL_FAST_MATH = YES;
				ONLY_ACTIVE_ARCH = YES;
				SDKROOT = iphoneos;
				SWIFT_ACTIVE_COMPILATION_CONDITIONS = DEBUG;
				SWIFT_OPTIMIZATION_LEVEL = "-Onone";
			};
			name = Debug;
		};
		567F5AE424873D30001541F2 /* Release */ = {
			isa = XCBuildConfiguration;
			buildSettings = {
				ALWAYS_SEARCH_USER_PATHS = NO;
				CLANG_ANALYZER_NONNULL = YES;
				CLANG_ANALYZER_NUMBER_OBJECT_CONVERSION = YES_AGGRESSIVE;
				CLANG_CXX_LANGUAGE_STANDARD = "gnu++14";
				CLANG_CXX_LIBRARY = "libc++";
				CLANG_ENABLE_MODULES = YES;
				CLANG_ENABLE_OBJC_ARC = YES;
				CLANG_ENABLE_OBJC_WEAK = YES;
				CLANG_WARN_BLOCK_CAPTURE_AUTORELEASING = YES;
				CLANG_WARN_BOOL_CONVERSION = YES;
				CLANG_WARN_COMMA = YES;
				CLANG_WARN_CONSTANT_CONVERSION = YES;
				CLANG_WARN_DEPRECATED_OBJC_IMPLEMENTATIONS = YES;
				CLANG_WARN_DIRECT_OBJC_ISA_USAGE = YES_ERROR;
				CLANG_WARN_DOCUMENTATION_COMMENTS = YES;
				CLANG_WARN_EMPTY_BODY = YES;
				CLANG_WARN_ENUM_CONVERSION = YES;
				CLANG_WARN_INFINITE_RECURSION = YES;
				CLANG_WARN_INT_CONVERSION = YES;
				CLANG_WARN_NON_LITERAL_NULL_CONVERSION = YES;
				CLANG_WARN_OBJC_IMPLICIT_RETAIN_SELF = YES;
				CLANG_WARN_OBJC_LITERAL_CONVERSION = YES;
				CLANG_WARN_OBJC_ROOT_CLASS = YES_ERROR;
				CLANG_WARN_RANGE_LOOP_ANALYSIS = YES;
				CLANG_WARN_STRICT_PROTOTYPES = YES;
				CLANG_WARN_SUSPICIOUS_MOVE = YES;
				CLANG_WARN_UNGUARDED_AVAILABILITY = YES_AGGRESSIVE;
				CLANG_WARN_UNREACHABLE_CODE = YES;
				CLANG_WARN__DUPLICATE_METHOD_MATCH = YES;
				COPY_PHASE_STRIP = NO;
				DEBUG_INFORMATION_FORMAT = "dwarf-with-dsym";
				ENABLE_NS_ASSERTIONS = NO;
				ENABLE_STRICT_OBJC_MSGSEND = YES;
				GCC_C_LANGUAGE_STANDARD = gnu11;
				GCC_NO_COMMON_BLOCKS = YES;
				GCC_WARN_64_TO_32_BIT_CONVERSION = YES;
				GCC_WARN_ABOUT_RETURN_TYPE = YES_ERROR;
				GCC_WARN_UNDECLARED_SELECTOR = YES;
				GCC_WARN_UNINITIALIZED_AUTOS = YES_AGGRESSIVE;
				GCC_WARN_UNUSED_FUNCTION = YES;
				GCC_WARN_UNUSED_VARIABLE = YES;
				IPHONEOS_DEPLOYMENT_TARGET = 13.5;
				MTL_ENABLE_DEBUG_INFO = NO;
				MTL_FAST_MATH = YES;
				SDKROOT = iphoneos;
				SWIFT_COMPILATION_MODE = wholemodule;
				SWIFT_OPTIMIZATION_LEVEL = "-O";
				VALIDATE_PRODUCT = YES;
			};
			name = Release;
		};
		567F5AE624873D30001541F2 /* Debug */ = {
			isa = XCBuildConfiguration;
			baseConfigurationReference = 93E7F4EA94215F46FB1ED28A /* Pods-GiTuner.debug.xcconfig */;
			buildSettings = {
				ASSETCATALOG_COMPILER_APPICON_NAME = AppIcon;
				CODE_SIGN_STYLE = Automatic;
				DEVELOPMENT_TEAM = DQPHQ27DR4;
				INFOPLIST_FILE = GiTuner/Info.plist;
				IPHONEOS_DEPLOYMENT_TARGET = 13.0;
				LD_RUNPATH_SEARCH_PATHS = (
					"$(inherited)",
					"@executable_path/Frameworks",
				);
				PRODUCT_BUNDLE_IDENTIFIER = com.JerryChen.GiTuner;
				PRODUCT_NAME = "$(TARGET_NAME)";
				SWIFT_VERSION = 5.0;
				TARGETED_DEVICE_FAMILY = "1,2";
			};
			name = Debug;
		};
		567F5AE724873D30001541F2 /* Release */ = {
			isa = XCBuildConfiguration;
			baseConfigurationReference = BBECB33FE5B0F7F69404D705 /* Pods-GiTuner.release.xcconfig */;
			buildSettings = {
				ASSETCATALOG_COMPILER_APPICON_NAME = AppIcon;
				CODE_SIGN_STYLE = Automatic;
				DEVELOPMENT_TEAM = DQPHQ27DR4;
				INFOPLIST_FILE = GiTuner/Info.plist;
				IPHONEOS_DEPLOYMENT_TARGET = 13.0;
				LD_RUNPATH_SEARCH_PATHS = (
					"$(inherited)",
					"@executable_path/Frameworks",
				);
				PRODUCT_BUNDLE_IDENTIFIER = com.JerryChen.GiTuner;
				PRODUCT_NAME = "$(TARGET_NAME)";
				SWIFT_VERSION = 5.0;
				TARGETED_DEVICE_FAMILY = "1,2";
			};
			name = Release;
		};
/* End XCBuildConfiguration section */

/* Begin XCConfigurationList section */
		567F5ACC24873D2E001541F2 /* Build configuration list for PBXProject "GiTuner" */ = {
			isa = XCConfigurationList;
			buildConfigurations = (
				567F5AE324873D30001541F2 /* Debug */,
				567F5AE424873D30001541F2 /* Release */,
			);
			defaultConfigurationIsVisible = 0;
			defaultConfigurationName = Release;
		};
		567F5AE524873D30001541F2 /* Build configuration list for PBXNativeTarget "GiTuner" */ = {
			isa = XCConfigurationList;
			buildConfigurations = (
				567F5AE624873D30001541F2 /* Debug */,
				567F5AE724873D30001541F2 /* Release */,
			);
			defaultConfigurationIsVisible = 0;
			defaultConfigurationName = Release;
		};
/* End XCConfigurationList section */
	};
	rootObject = 567F5AC924873D2E001541F2 /* Project object */;
}
